
Microsoft Visual Studio Solution File, Format Version 12.00
# Visual Studio Version 17
VisualStudioVersion = 17.4.33103.184
MinimumVisualStudioVersion = 10.0.40219.1
Project("{FAE04EC0-301F-11D3-BF4B-00C04F79EFBC}") = "Animation Part 1", "Animation Part 1\Animation Part 1.csproj", "{68A007F2-7D4B-441F-B7F3-990D4B2B5E53}"
EndProject
Global
	GlobalSection(SolutionConfigurationPlatforms) = preSolution
		Debug|Any CPU = Debug|Any CPU
		Release|Any CPU = Release|Any CPU
	EndGlobalSection
	GlobalSection(ProjectConfigurationPlatforms) = postSolution
		{68A007F2-7D4B-441F-B7F3-990D4B2B5E53}.Debug|Any CPU.ActiveCfg = Debug|Any CPU
		{68A007F2-7D4B-441F-B7F3-990D4B2B5E53}.Debug|Any CPU.Build.0 = Debug|Any CPU
		{68A007F2-7D4B-441F-B7F3-990D4B2B5E53}.Release|Any CPU.ActiveCfg = Release|Any CPU
		{68A007F2-7D4B-441F-B7F3-990D4B2B5E53}.Release|Any CPU.Build.0 = Release|Any CPU
	EndGlobalSection
	GlobalSection(SolutionProperties) = preSolution
		HideSolutionNode = FALSE
	EndGlobalSection
	GlobalSection(ExtensibilityGlobals) = postSolution
		SolutionGuid = {913CCE1D-0A0B-40F7-87CC-967535BC8A8D}
	EndGlobalSection
EndGlobal
